
Microsoft Visual Studio Solution File, Format Version 12.00
# Visual Studio Version 16
VisualStudioVersion = 16.0.29911.84
MinimumVisualStudioVersion = 10.0.40219.1
Project("{FAE04EC0-301F-11D3-BF4B-00C04F79EFBC}") = "MFC", "MFC\MFC.csproj", "{CDF6ED76-8106-479A-A801-8C594E9BC7BD}"
EndProject
Project("{2150E333-8FDC-42A3-9474-1A3956D46DE8}") = "Animations", "Animations", "{77CC8AA0-1B3F-4089-9391-FA54F888191D}"
EndProject
Global
	GlobalSection(SolutionConfigurationPlatforms) = preSolution
		Debug|Any CPU = Debug|Any CPU
		Release|Any CPU = Release|Any CPU
	EndGlobalSection
	GlobalSection(ProjectConfigurationPlatforms) = postSolution
		{CDF6ED76-8106-479A-A801-8C594E9BC7BD}.Debug|Any CPU.ActiveCfg = Debug|Any CPU
		{CDF6ED76-8106-479A-A801-8C594E9BC7BD}.Debug|Any CPU.Build.0 = Debug|Any CPU
		{CDF6ED76-8106-479A-A801-8C594E9BC7BD}.Release|Any CPU.ActiveCfg = Release|Any CPU
		{CDF6ED76-8106-479A-A801-8C594E9BC7BD}.Release|Any CPU.Build.0 = Release|Any CPU
	EndGlobalSection
	GlobalSection(SolutionProperties) = preSolution
		HideSolutionNode = FALSE
	EndGlobalSection
	GlobalSection(ExtensibilityGlobals) = postSolution
		SolutionGuid = {1DFD48AC-799A-40A3-BE84-2FBD1696A8D6}
	EndGlobalSection
EndGlobal
